
Microsoft Visual Studio Solution File, Format Version 12.00
# Visual Studio Version 17
VisualStudioVersion = 17.7.34202.233
MinimumVisualStudioVersion = 10.0.40219.1
Project("{FAE04EC0-301F-11D3-BF4B-00C04F79EFBC}") = "website_tim_viec_lam", "website_tim_viec_lam\website_tim_viec_lam.csproj", "{99CEB2F5-90AD-4E42-AF66-3010E08969DE}"
EndProject
Global
	GlobalSection(SolutionConfigurationPlatforms) = preSolution
		Debug|Any CPU = Debug|Any CPU
		Release|Any CPU = Release|Any CPU
	EndGlobalSection
	GlobalSection(ProjectConfigurationPlatforms) = postSolution
		{99CEB2F5-90AD-4E42-AF66-3010E08969DE}.Debug|Any CPU.ActiveCfg = Debug|Any CPU
		{99CEB2F5-90AD-4E42-AF66-3010E08969DE}.Debug|Any CPU.Build.0 = Debug|Any CPU
		{99CEB2F5-90AD-4E42-AF66-3010E08969DE}.Release|Any CPU.ActiveCfg = Release|Any CPU
		{99CEB2F5-90AD-4E42-AF66-3010E08969DE}.Release|Any CPU.Build.0 = Release|Any CPU
	EndGlobalSection
	GlobalSection(SolutionProperties) = preSolution
		HideSolutionNode = FALSE
	EndGlobalSection
	GlobalSection(ExtensibilityGlobals) = postSolution
		SolutionGuid = {D2991CFC-C9AC-4534-A04F-92D7973CC46A}
	EndGlobalSection
EndGlobal
